// !$*UTF8*$!
{
	archiveVersion = 1;
	classes = {
	};
	objectVersion = 46;
	objects = {

/* Begin PBXBuildFile section */
		A700F81F1DD3F11700B33EC9 /* Main.storyboard in Resources */ = {isa = PBXBuildFile; fileRef = A700F81D1DD3F11700B33EC9 /* Main.storyboard */; };
		A700F8211DD3F11700B33EC9 /* Assets.xcassets in Resources */ = {isa = PBXBuildFile; fileRef = A700F8201DD3F11700B33EC9 /* Assets.xcassets */; };
		A700F8241DD3F11700B33EC9 /* LaunchScreen.storyboard in Resources */ = {isa = PBXBuildFile; fileRef = A700F8221DD3F11700B33EC9 /* LaunchScreen.storyboard */; };
		A700F8341DD3F1C000B33EC9 /* Info.plist in Resources */ = {isa = PBXBuildFile; fileRef = A700F8331DD3F1C000B33EC9 /* Info.plist */; };
		A700F8361DD3F1D100B33EC9 /* AppDelegate.swift in Sources */ = {isa = PBXBuildFile; fileRef = A700F8351DD3F1D100B33EC9 /* AppDelegate.swift */; };
		A700F8451DD409BD00B33EC9 /* JSON.m in Sources */ = {isa = PBXBuildFile; fileRef = A700F8431DD408CA00B33EC9 /* JSON.m */; };
		A700F8461DD40AAC00B33EC9 /* JSON.h in Sources */ = {isa = PBXBuildFile; fileRef = A700F8421DD408CA00B33EC9 /* JSON.h */; };
		A700F8481DD41E8F00B33EC9 /* Extensions.swift in Sources */ = {isa = PBXBuildFile; fileRef = A700F8471DD41E8F00B33EC9 /* Extensions.swift */; };
		A700F84B1DD4246800B33EC9 /* User.m in Sources */ = {isa = PBXBuildFile; fileRef = A700F84A1DD4246800B33EC9 /* User.m */; };
		A700F84E1DD4286300B33EC9 /* Repository.m in Sources */ = {isa = PBXBuildFile; fileRef = A700F84D1DD4286300B33EC9 /* Repository.m */; };
		A700F8511DD48BD200B33EC9 /* UserTableViewCell.swift in Sources */ = {isa = PBXBuildFile; fileRef = A700F8501DD48BD200B33EC9 /* UserTableViewCell.swift */; };
		A700F8531DD48C5200B33EC9 /* RepositoryTableViewCell.swift in Sources */ = {isa = PBXBuildFile; fileRef = A700F8521DD48C5200B33EC9 /* RepositoryTableViewCell.swift */; };
		A700F8551DD48FF500B33EC9 /* SearchUserTableViewController.swift in Sources */ = {isa = PBXBuildFile; fileRef = A700F8541DD48FF500B33EC9 /* SearchUserTableViewController.swift */; };
		A700F8571DD4900700B33EC9 /* SearchRepositoryTableViewController.swift in Sources */ = {isa = PBXBuildFile; fileRef = A700F8561DD4900700B33EC9 /* SearchRepositoryTableViewController.swift */; };
		A700F8591DD4904F00B33EC9 /* Constants.swift in Sources */ = {isa = PBXBuildFile; fileRef = A700F8581DD4904F00B33EC9 /* Constants.swift */; };
		A700F85B1DD491A200B33EC9 /* CacheImage.swift in Sources */ = {isa = PBXBuildFile; fileRef = A700F85A1DD491A200B33EC9 /* CacheImage.swift */; };
		A7C783ED1DD4BBB100A3B927 /* ImageView.swift in Sources */ = {isa = PBXBuildFile; fileRef = A7C783EC1DD4BBB100A3B927 /* ImageView.swift */; };
		A7C783EF1DD4D46E00A3B927 /* UserViewController.swift in Sources */ = {isa = PBXBuildFile; fileRef = A7C783EE1DD4D46E00A3B927 /* UserViewController.swift */; };
		A7C783F11DD4D47A00A3B927 /* RepositoryViewController.swift in Sources */ = {isa = PBXBuildFile; fileRef = A7C783F01DD4D47A00A3B927 /* RepositoryViewController.swift */; };
/* End PBXBuildFile section */

/* Begin PBXFileReference section */
		A700F8161DD3F11700B33EC9 /* dextraChallenge.app */ = {isa = PBXFileReference; explicitFileType = wrapper.application; includeInIndex = 0; path = dextraChallenge.app; sourceTree = BUILT_PRODUCTS_DIR; };
		A700F81E1DD3F11700B33EC9 /* Base */ = {isa = PBXFileReference; lastKnownFileType = file.storyboard; name = Base; path = Base.lproj/Main.storyboard; sourceTree = "<group>"; };
		A700F8201DD3F11700B33EC9 /* Assets.xcassets */ = {isa = PBXFileReference; lastKnownFileType = folder.assetcatalog; path = Assets.xcassets; sourceTree = "<group>"; };
		A700F8231DD3F11700B33EC9 /* Base */ = {isa = PBXFileReference; lastKnownFileType = file.storyboard; name = Base; path = Base.lproj/LaunchScreen.storyboard; sourceTree = "<group>"; };
		A700F8321DD3F1C000B33EC9 /* dextraChallenge-Bridging-Header.h */ = {isa = PBXFileReference; fileEncoding = 4; lastKnownFileType = sourcecode.c.h; name = "dextraChallenge-Bridging-Header.h"; path = "Settings/dextraChallenge-Bridging-Header.h"; sourceTree = "<group>"; };
		A700F8331DD3F1C000B33EC9 /* Info.plist */ = {isa = PBXFileReference; fileEncoding = 4; lastKnownFileType = text.plist.xml; name = Info.plist; path = Settings/Info.plist; sourceTree = "<group>"; };
		A700F8351DD3F1D100B33EC9 /* AppDelegate.swift */ = {isa = PBXFileReference; fileEncoding = 4; lastKnownFileType = sourcecode.swift; name = AppDelegate.swift; path = Model/AppDelegate.swift; sourceTree = "<group>"; };
		A700F8421DD408CA00B33EC9 /* JSON.h */ = {isa = PBXFileReference; fileEncoding = 4; lastKnownFileType = sourcecode.c.h; name = JSON.h; path = /Users/joaopedroffranco/Desktop/Trabalho/DextraChallenge/dextraChallenge/dextraChallenge/Model/JSON.h; sourceTree = "<absolute>"; };
		A700F8431DD408CA00B33EC9 /* JSON.m */ = {isa = PBXFileReference; fileEncoding = 4; lastKnownFileType = sourcecode.c.objc; name = JSON.m; path = /Users/joaopedroffranco/Desktop/Trabalho/DextraChallenge/dextraChallenge/dextraChallenge/Model/JSON.m; sourceTree = "<absolute>"; };
		A700F8471DD41E8F00B33EC9 /* Extensions.swift */ = {isa = PBXFileReference; fileEncoding = 4; lastKnownFileType = sourcecode.swift; name = Extensions.swift; path = Settings/Extensions.swift; sourceTree = "<group>"; };
		A700F8491DD4246800B33EC9 /* User.h */ = {isa = PBXFileReference; fileEncoding = 4; lastKnownFileType = sourcecode.c.h; name = User.h; path = Model/User.h; sourceTree = "<group>"; };
		A700F84A1DD4246800B33EC9 /* User.m */ = {isa = PBXFileReference; fileEncoding = 4; lastKnownFileType = sourcecode.c.objc; name = User.m; path = Model/User.m; sourceTree = "<group>"; };
		A700F84C1DD4286300B33EC9 /* Repository.h */ = {isa = PBXFileReference; fileEncoding = 4; lastKnownFileType = sourcecode.c.h; name = Repository.h; path = Model/Repository.h; sourceTree = "<group>"; };
		A700F84D1DD4286300B33EC9 /* Repository.m */ = {isa = PBXFileReference; fileEncoding = 4; lastKnownFileType = sourcecode.c.objc; name = Repository.m; path = Model/Repository.m; sourceTree = "<group>"; };
		A700F8501DD48BD200B33EC9 /* UserTableViewCell.swift */ = {isa = PBXFileReference; fileEncoding = 4; lastKnownFileType = sourcecode.swift; name = UserTableViewCell.swift; path = View/UserTableViewCell.swift; sourceTree = "<group>"; };
		A700F8521DD48C5200B33EC9 /* RepositoryTableViewCell.swift */ = {isa = PBXFileReference; fileEncoding = 4; lastKnownFileType = sourcecode.swift; name = RepositoryTableViewCell.swift; path = View/RepositoryTableViewCell.swift; sourceTree = "<group>"; };
		A700F8541DD48FF500B33EC9 /* SearchUserTableViewController.swift */ = {isa = PBXFileReference; fileEncoding = 4; lastKnownFileType = sourcecode.swift; name = SearchUserTableViewController.swift; path = Controller/SearchUserTableViewController.swift; sourceTree = "<group>"; };
		A700F8561DD4900700B33EC9 /* SearchRepositoryTableViewController.swift */ = {isa = PBXFileReference; fileEncoding = 4; lastKnownFileType = sourcecode.swift; name = SearchRepositoryTableViewController.swift; path = Controller/SearchRepositoryTableViewController.swift; sourceTree = "<group>"; };
		A700F8581DD4904F00B33EC9 /* Constants.swift */ = {isa = PBXFileReference; fileEncoding = 4; lastKnownFileType = sourcecode.swift; name = Constants.swift; path = Settings/Constants.swift; sourceTree = "<group>"; };
		A700F85A1DD491A200B33EC9 /* CacheImage.swift */ = {isa = PBXFileReference; fileEncoding = 4; lastKnownFileType = sourcecode.swift; name = CacheImage.swift; path = Model/CacheImage.swift; sourceTree = "<group>"; };
		A7C783EC1DD4BBB100A3B927 /* ImageView.swift */ = {isa = PBXFileReference; fileEncoding = 4; lastKnownFileType = sourcecode.swift; name = ImageView.swift; path = View/ImageView.swift; sourceTree = "<group>"; };
		A7C783EE1DD4D46E00A3B927 /* UserViewController.swift */ = {isa = PBXFileReference; fileEncoding = 4; lastKnownFileType = sourcecode.swift; name = UserViewController.swift; path = Controller/UserViewController.swift; sourceTree = "<group>"; };
		A7C783F01DD4D47A00A3B927 /* RepositoryViewController.swift */ = {isa = PBXFileReference; fileEncoding = 4; lastKnownFileType = sourcecode.swift; name = RepositoryViewController.swift; path = Controller/RepositoryViewController.swift; sourceTree = "<group>"; };
/* End PBXFileReference section */

/* Begin PBXFrameworksBuildPhase section */
		A700F8131DD3F11700B33EC9 /* Frameworks */ = {
			isa = PBXFrameworksBuildPhase;
			buildActionMask = 2147483647;
			files = (
			);
			runOnlyForDeploymentPostprocessing = 0;
		};
/* End PBXFrameworksBuildPhase section */

/* Begin PBXGroup section */
		A700F80D1DD3F11700B33EC9 = {
			isa = PBXGroup;
			children = (
				A700F8181DD3F11700B33EC9 /* dextraChallenge */,
				A700F8171DD3F11700B33EC9 /* Products */,
			);
			sourceTree = "<group>";
		};
		A700F8171DD3F11700B33EC9 /* Products */ = {
			isa = PBXGroup;
			children = (
				A700F8161DD3F11700B33EC9 /* dextraChallenge.app */,
			);
			name = Products;
			sourceTree = "<group>";
		};
		A700F8181DD3F11700B33EC9 /* dextraChallenge */ = {
			isa = PBXGroup;
			children = (
				A700F82E1DD3F19000B33EC9 /* Settings */,
				A700F82D1DD3F18500B33EC9 /* View */,
				A700F82C1DD3F18000B33EC9 /* Controller */,
				A700F82B1DD3F17900B33EC9 /* Model */,
			);
			path = dextraChallenge;
			sourceTree = "<group>";
		};
		A700F82B1DD3F17900B33EC9 /* Model */ = {
			isa = PBXGroup;
			children = (
				A700F85A1DD491A200B33EC9 /* CacheImage.swift */,
				A700F8351DD3F1D100B33EC9 /* AppDelegate.swift */,
				A700F8421DD408CA00B33EC9 /* JSON.h */,
				A700F8431DD408CA00B33EC9 /* JSON.m */,
				A700F8491DD4246800B33EC9 /* User.h */,
				A700F84A1DD4246800B33EC9 /* User.m */,
				A700F84C1DD4286300B33EC9 /* Repository.h */,
				A700F84D1DD4286300B33EC9 /* Repository.m */,
			);
			name = Model;
			sourceTree = "<group>";
		};
		A700F82C1DD3F18000B33EC9 /* Controller */ = {
			isa = PBXGroup;
			children = (
				A700F8541DD48FF500B33EC9 /* SearchUserTableViewController.swift */,
				A700F8561DD4900700B33EC9 /* SearchRepositoryTableViewController.swift */,
				A7C783EE1DD4D46E00A3B927 /* UserViewController.swift */,
				A7C783F01DD4D47A00A3B927 /* RepositoryViewController.swift */,
			);
			name = Controller;
			sourceTree = "<group>";
		};
		A700F82D1DD3F18500B33EC9 /* View */ = {
			isa = PBXGroup;
			children = (
				A7C783EC1DD4BBB100A3B927 /* ImageView.swift */,
				A700F81D1DD3F11700B33EC9 /* Main.storyboard */,
				A700F8221DD3F11700B33EC9 /* LaunchScreen.storyboard */,
				A700F8501DD48BD200B33EC9 /* UserTableViewCell.swift */,
				A700F8521DD48C5200B33EC9 /* RepositoryTableViewCell.swift */,
			);
			name = View;
			sourceTree = "<group>";
		};
		A700F82E1DD3F19000B33EC9 /* Settings */ = {
			isa = PBXGroup;
			children = (
				A700F8321DD3F1C000B33EC9 /* dextraChallenge-Bridging-Header.h */,
				A700F8331DD3F1C000B33EC9 /* Info.plist */,
				A700F8201DD3F11700B33EC9 /* Assets.xcassets */,
				A700F8471DD41E8F00B33EC9 /* Extensions.swift */,
				A700F8581DD4904F00B33EC9 /* Constants.swift */,
			);
			name = Settings;
			sourceTree = "<group>";
		};
/* End PBXGroup section */

/* Begin PBXNativeTarget section */
		A700F8151DD3F11700B33EC9 /* dextraChallenge */ = {
			isa = PBXNativeTarget;
			buildConfigurationList = A700F8281DD3F11700B33EC9 /* Build configuration list for PBXNativeTarget "dextraChallenge" */;
			buildPhases = (
				A700F8121DD3F11700B33EC9 /* Sources */,
				A700F8131DD3F11700B33EC9 /* Frameworks */,
				A700F8141DD3F11700B33EC9 /* Resources */,
			);
			buildRules = (
			);
			dependencies = (
			);
			name = dextraChallenge;
			productName = dextraChallenge;
			productReference = A700F8161DD3F11700B33EC9 /* dextraChallenge.app */;
			productType = "com.apple.product-type.application";
		};
/* End PBXNativeTarget section */

/* Begin PBXProject section */
		A700F80E1DD3F11700B33EC9 /* Project object */ = {
			isa = PBXProject;
			attributes = {
				LastSwiftUpdateCheck = 0810;
				LastUpgradeCheck = 0810;
				ORGANIZATIONNAME = joaopedroffranco;
				TargetAttributes = {
					A700F8151DD3F11700B33EC9 = {
						CreatedOnToolsVersion = 8.1;
						DevelopmentTeam = 48C2S6NZC8;
						LastSwiftMigration = 0810;
						ProvisioningStyle = Automatic;
					};
				};
			};
			buildConfigurationList = A700F8111DD3F11700B33EC9 /* Build configuration list for PBXProject "dextraChallenge" */;
			compatibilityVersion = "Xcode 3.2";
			developmentRegion = English;
			hasScannedForEncodings = 0;
			knownRegions = (
				en,
				Base,
			);
			mainGroup = A700F80D1DD3F11700B33EC9;
			productRefGroup = A700F8171DD3F11700B33EC9 /* Products */;
			projectDirPath = "";
			projectRoot = "";
			targets = (
				A700F8151DD3F11700B33EC9 /* dextraChallenge */,
			);
		};
/* End PBXProject section */

/* Begin PBXResourcesBuildPhase section */
		A700F8141DD3F11700B33EC9 /* Resources */ = {
			isa = PBXResourcesBuildPhase;
			buildActionMask = 2147483647;
			files = (
				A700F8341DD3F1C000B33EC9 /* Info.plist in Resources */,
				A700F8241DD3F11700B33EC9 /* LaunchScreen.storyboard in Resources */,
				A700F8211DD3F11700B33EC9 /* Assets.xcassets in Resources */,
				A700F81F1DD3F11700B33EC9 /* Main.storyboard in Resources */,
			);
			runOnlyForDeploymentPostprocessing = 0;
		};
/* End PBXResourcesBuildPhase section */

/* Begin PBXSourcesBuildPhase section */
		A700F8121DD3F11700B33EC9 /* Sources */ = {
			isa = PBXSourcesBuildPhase;
			buildActionMask = 2147483647;
			files = (
				A700F8531DD48C5200B33EC9 /* RepositoryTableViewCell.swift in Sources */,
				A700F84E1DD4286300B33EC9 /* Repository.m in Sources */,
				A700F8461DD40AAC00B33EC9 /* JSON.h in Sources */,
				A700F85B1DD491A200B33EC9 /* CacheImage.swift in Sources */,
				A7C783F11DD4D47A00A3B927 /* RepositoryViewController.swift in Sources */,
				A700F8451DD409BD00B33EC9 /* JSON.m in Sources */,
				A700F8551DD48FF500B33EC9 /* SearchUserTableViewController.swift in Sources */,
				A700F8511DD48BD200B33EC9 /* UserTableViewCell.swift in Sources */,
				A7C783EF1DD4D46E00A3B927 /* UserViewController.swift in Sources */,
				A700F8361DD3F1D100B33EC9 /* AppDelegate.swift in Sources */,
				A700F84B1DD4246800B33EC9 /* User.m in Sources */,
				A700F8481DD41E8F00B33EC9 /* Extensions.swift in Sources */,
				A700F8571DD4900700B33EC9 /* SearchRepositoryTableViewController.swift in Sources */,
				A7C783ED1DD4BBB100A3B927 /* ImageView.swift in Sources */,
				A700F8591DD4904F00B33EC9 /* Constants.swift in Sources */,
			);
			runOnlyForDeploymentPostprocessing = 0;
		};
/* End PBXSourcesBuildPhase section */

/* Begin PBXVariantGroup section */
		A700F81D1DD3F11700B33EC9 /* Main.storyboard */ = {
			isa = PBXVariantGroup;
			children = (
				A700F81E1DD3F11700B33EC9 /* Base */,
			);
			name = Main.storyboard;
			sourceTree = "<group>";
		};
		A700F8221DD3F11700B33EC9 /* LaunchScreen.storyboard */ = {
			isa = PBXVariantGroup;
			children = (
				A700F8231DD3F11700B33EC9 /* Base */,
			);
			name = LaunchScreen.storyboard;
			sourceTree = "<group>";
		};
/* End PBXVariantGroup section */

/* Begin XCBuildConfiguration section */
		A700F8261DD3F11700B33EC9 /* Debug */ = {
			isa = XCBuildConfiguration;
			buildSettings = {
				ALWAYS_SEARCH_USER_PATHS = NO;
				CLANG_ANALYZER_NONNULL = YES;
				CLANG_CXX_LANGUAGE_STANDARD = "gnu++0x";
				CLANG_CXX_LIBRARY = "libc++";
				CLANG_ENABLE_MODULES = YES;
				CLANG_ENABLE_OBJC_ARC = YES;
				CLANG_WARN_BOOL_CONVERSION = YES;
				CLANG_WARN_CONSTANT_CONVERSION = YES;
				CLANG_WARN_DIRECT_OBJC_ISA_USAGE = YES_ERROR;
				CLANG_WARN_DOCUMENTATION_COMMENTS = YES;
				CLANG_WARN_EMPTY_BODY = YES;
				CLANG_WARN_ENUM_CONVERSION = YES;
				CLANG_WARN_INFINITE_RECURSION = YES;
				CLANG_WARN_INT_CONVERSION = YES;
				CLANG_WARN_OBJC_ROOT_CLASS = YES_ERROR;
				CLANG_WARN_SUSPICIOUS_MOVES = YES;
				CLANG_WARN_UNREACHABLE_CODE = YES;
				CLANG_WARN__DUPLICATE_METHOD_MATCH = YES;
				"CODE_SIGN_IDENTITY[sdk=iphoneos*]" = "iPhone Developer";
				COPY_PHASE_STRIP = NO;
				DEBUG_INFORMATION_FORMAT = dwarf;
				ENABLE_STRICT_OBJC_MSGSEND = YES;
				ENABLE_TESTABILITY = YES;
				GCC_C_LANGUAGE_STANDARD = gnu99;
				GCC_DYNAMIC_NO_PIC = NO;
				GCC_NO_COMMON_BLOCKS = YES;
				GCC_OPTIMIZATION_LEVEL = 0;
				GCC_PREPROCESSOR_DEFINITIONS = (
					"DEBUG=1",
					"$(inherited)",
				);
				GCC_WARN_64_TO_32_BIT_CONVERSION = YES;
				GCC_WARN_ABOUT_RETURN_TYPE = YES_ERROR;
				GCC_WARN_UNDECLARED_SELECTOR = YES;
				GCC_WARN_UNINITIALIZED_AUTOS = YES_AGGRESSIVE;
				GCC_WARN_UNUSED_FUNCTION = YES;
				GCC_WARN_UNUSED_VARIABLE = YES;
				IPHONEOS_DEPLOYMENT_TARGET = 10.1;
				MTL_ENABLE_DEBUG_INFO = YES;
				ONLY_ACTIVE_ARCH = YES;
				SDKROOT = iphoneos;
				SWIFT_ACTIVE_COMPILATION_CONDITIONS = DEBUG;
				SWIFT_OPTIMIZATION_LEVEL = "-Onone";
			};
			name = Debug;
		};
		A700F8271DD3F11700B33EC9 /* Release */ = {
			isa = XCBuildConfiguration;
			buildSettings = {
				ALWAYS_SEARCH_USER_PATHS = NO;
				CLANG_ANALYZER_NONNULL = YES;
				CLANG_CXX_LANGUAGE_STANDARD = "gnu++0x";
				CLANG_CXX_LIBRARY = "libc++";
				CLANG_ENABLE_MODULES = YES;
				CLANG_ENABLE_OBJC_ARC = YES;
				CLANG_WARN_BOOL_CONVERSION = YES;
				CLANG_WARN_CONSTANT_CONVERSION = YES;
				CLANG_WARN_DIRECT_OBJC_ISA_USAGE = YES_ERROR;
				CLANG_WARN_DOCUMENTATION_COMMENTS = YES;
				CLANG_WARN_EMPTY_BODY = YES;
				CLANG_WARN_ENUM_CONVERSION = YES;
				CLANG_WARN_INFINITE_RECURSION = YES;
				CLANG_WARN_INT_CONVERSION = YES;
				CLANG_WARN_OBJC_ROOT_CLASS = YES_ERROR;
				CLANG_WARN_SUSPICIOUS_MOVES = YES;
				CLANG_WARN_UNREACHABLE_CODE = YES;
				CLANG_WARN__DUPLICATE_METHOD_MATCH = YES;
				"CODE_SIGN_IDENTITY[sdk=iphoneos*]" = "iPhone Developer";
				COPY_PHASE_STRIP = NO;
				DEBUG_INFORMATION_FORMAT = "dwarf-with-dsym";
				ENABLE_NS_ASSERTIONS = NO;
				ENABLE_STRICT_OBJC_MSGSEND = YES;
				GCC_C_LANGUAGE_STANDARD = gnu99;
				GCC_NO_COMMON_BLOCKS = YES;
				GCC_WARN_64_TO_32_BIT_CONVERSION = YES;
				GCC_WARN_ABOUT_RETURN_TYPE = YES_ERROR;
				GCC_WARN_UNDECLARED_SELECTOR = YES;
				GCC_WARN_UNINITIALIZED_AUTOS = YES_AGGRESSIVE;
				GCC_WARN_UNUSED_FUNCTION = YES;
				GCC_WARN_UNUSED_VARIABLE = YES;
				IPHONEOS_DEPLOYMENT_TARGET = 10.1;
				MTL_ENABLE_DEBUG_INFO = NO;
				SDKROOT = iphoneos;
				SWIFT_OPTIMIZATION_LEVEL = "-Owholemodule";
				VALIDATE_PRODUCT = YES;
			};
			name = Release;
		};
		A700F8291DD3F11700B33EC9 /* Debug */ = {
			isa = XCBuildConfiguration;
			buildSettings = {
				ARCHS = "$(ARCHS_STANDARD)";
				ASSETCATALOG_COMPILER_APPICON_NAME = AppIcon;
				CLANG_ENABLE_MODULES = YES;
				DEVELOPMENT_TEAM = 48C2S6NZC8;
				INFOPLIST_FILE = dextraChallenge/Settings/Info.plist;
				LD_RUNPATH_SEARCH_PATHS = "$(inherited) @executable_path/Frameworks";
				PRODUCT_BUNDLE_IDENTIFIER = joaopedroffranco.dextraChallenge;
				PRODUCT_NAME = "$(TARGET_NAME)";
				SWIFT_OBJC_BRIDGING_HEADER = "dextraChallenge/Settings/dextraChallenge-Bridging-Header.h";
				SWIFT_OPTIMIZATION_LEVEL = "-Onone";
				SWIFT_VERSION = 3.0;
				VALID_ARCHS = "armv7 armv7s arm64";
			};
			name = Debug;
		};
		A700F82A1DD3F11700B33EC9 /* Release */ = {
			isa = XCBuildConfiguration;
			buildSettings = {
				ARCHS = "$(ARCHS_STANDARD)";
				ASSETCATALOG_COMPILER_APPICON_NAME = AppIcon;
				CLANG_ENABLE_MODULES = YES;
				DEVELOPMENT_TEAM = 48C2S6NZC8;
				INFOPLIST_FILE = dextraChallenge/Settings/Info.plist;
				LD_RUNPATH_SEARCH_PATHS = "$(inherited) @executable_path/Frameworks";
				PRODUCT_BUNDLE_IDENTIFIER = joaopedroffranco.dextraChallenge;
				PRODUCT_NAME = "$(TARGET_NAME)";
				SWIFT_OBJC_BRIDGING_HEADER = "dextraChallenge/Settings/dextraChallenge-Bridging-Header.h";
				SWIFT_VERSION = 3.0;
				VALID_ARCHS = "armv7 armv7s arm64";
			};
			name = Release;
		};
/* End XCBuildConfiguration section */

/* Begin XCConfigurationList section */
		A700F8111DD3F11700B33EC9 /* Build configuration list for PBXProject "dextraChallenge" */ = {
			isa = XCConfigurationList;
			buildConfigurations = (
				A700F8261DD3F11700B33EC9 /* Debug */,
				A700F8271DD3F11700B33EC9 /* Release */,
			);
			defaultConfigurationIsVisible = 0;
			defaultConfigurationName = Release;
		};
		A700F8281DD3F11700B33EC9 /* Build configuration list for PBXNativeTarget "dextraChallenge" */ = {
			isa = XCConfigurationList;
			buildConfigurations = (
				A700F8291DD3F11700B33EC9 /* Debug */,
				A700F82A1DD3F11700B33EC9 /* Release */,
			);
			defaultConfigurationIsVisible = 0;
			defaultConfigurationName = Release;
		};
/* End XCConfigurationList section */
	};
	rootObject = A700F80E1DD3F11700B33EC9 /* Project object */;
}
